// !$*UTF8*$!
{
	archiveVersion = 1;
	classes = {
	};
	objectVersion = 50;
	objects = {

/* Begin PBXBuildFile section */
		C5672CCD2133E32400FBE5E4 /* AppDelegate.swift in Sources */ = {isa = PBXBuildFile; fileRef = C5672CCC2133E32400FBE5E4 /* AppDelegate.swift */; };
		C5672CCF2133E32400FBE5E4 /* ViewController.swift in Sources */ = {isa = PBXBuildFile; fileRef = C5672CCE2133E32400FBE5E4 /* ViewController.swift */; };
		C5672CD22133E32400FBE5E4 /* Main.storyboard in Resources */ = {isa = PBXBuildFile; fileRef = C5672CD02133E32400FBE5E4 /* Main.storyboard */; };
		C5672CD42133E32500FBE5E4 /* Assets.xcassets in Resources */ = {isa = PBXBuildFile; fileRef = C5672CD32133E32500FBE5E4 /* Assets.xcassets */; };
		C5672CD72133E32500FBE5E4 /* LaunchScreen.storyboard in Resources */ = {isa = PBXBuildFile; fileRef = C5672CD52133E32500FBE5E4 /* LaunchScreen.storyboard */; };
		C56D8EA321381FA000C5C568 /* DwifftViewController.swift in Sources */ = {isa = PBXBuildFile; fileRef = C56D8EA221381FA000C5C568 /* DwifftViewController.swift */; };
		C56D8EA7213823C500C5C568 /* SeedGeneratable.swift in Sources */ = {isa = PBXBuildFile; fileRef = C56D8EA6213823C500C5C568 /* SeedGeneratable.swift */; };
		C56D8EAC21383F6E00C5C568 /* EditDistanceViewController.swift in Sources */ = {isa = PBXBuildFile; fileRef = C56D8EAB21383F6E00C5C568 /* EditDistanceViewController.swift */; };
		C56D8EAE213841E000C5C568 /* RxDataSourcesViewController.swift in Sources */ = {isa = PBXBuildFile; fileRef = C56D8EAD213841E000C5C568 /* RxDataSourcesViewController.swift */; };
		C56D8EB021384A2000C5C568 /* DifferenceKitViewController.swift in Sources */ = {isa = PBXBuildFile; fileRef = C56D8EAF21384A2000C5C568 /* DifferenceKitViewController.swift */; };
		C56D8EB321384B2300C5C568 /* UUID+IdentifiableType.swift in Sources */ = {isa = PBXBuildFile; fileRef = C56D8EB221384B2300C5C568 /* UUID+IdentifiableType.swift */; };
		C56D8EB521384B4C00C5C568 /* UUID+Differentiable.swift in Sources */ = {isa = PBXBuildFile; fileRef = C56D8EB421384B4C00C5C568 /* UUID+Differentiable.swift */; };
		C597D9592133F8BE0023A464 /* RxDataSources.framework in Frameworks */ = {isa = PBXBuildFile; fileRef = C597D9522133F8BD0023A464 /* RxDataSources.framework */; };
		C597D95A2133F8BE0023A464 /* DifferenceKit.framework in Frameworks */ = {isa = PBXBuildFile; fileRef = C597D9532133F8BD0023A464 /* DifferenceKit.framework */; };
		C597D95B2133F8BE0023A464 /* Dwifft.framework in Frameworks */ = {isa = PBXBuildFile; fileRef = C597D9542133F8BD0023A464 /* Dwifft.framework */; };
		C597D95C2133F8BE0023A464 /* EditDistance.framework in Frameworks */ = {isa = PBXBuildFile; fileRef = C597D9552133F8BD0023A464 /* EditDistance.framework */; };
		C597D95D2133F8BE0023A464 /* Differentiator.framework in Frameworks */ = {isa = PBXBuildFile; fileRef = C597D9562133F8BD0023A464 /* Differentiator.framework */; };
		C597D95E2133F8BE0023A464 /* RxCocoa.framework in Frameworks */ = {isa = PBXBuildFile; fileRef = C597D9572133F8BD0023A464 /* RxCocoa.framework */; };
		C597D95F2133F8BE0023A464 /* RxSwift.framework in Frameworks */ = {isa = PBXBuildFile; fileRef = C597D9582133F8BE0023A464 /* RxSwift.framework */; };
/* End PBXBuildFile section */

/* Begin PBXFileReference section */
		C5672CC92133E32400FBE5E4 /* iOSDC-2018-Sample.app */ = {isa = PBXFileReference; explicitFileType = wrapper.application; includeInIndex = 0; path = "iOSDC-2018-Sample.app"; sourceTree = BUILT_PRODUCTS_DIR; };
		C5672CCC2133E32400FBE5E4 /* AppDelegate.swift */ = {isa = PBXFileReference; lastKnownFileType = sourcecode.swift; path = AppDelegate.swift; sourceTree = "<group>"; };
		C5672CCE2133E32400FBE5E4 /* ViewController.swift */ = {isa = PBXFileReference; lastKnownFileType = sourcecode.swift; path = ViewController.swift; sourceTree = "<group>"; };
		C5672CD12133E32400FBE5E4 /* Base */ = {isa = PBXFileReference; lastKnownFileType = file.storyboard; name = Base; path = Base.lproj/Main.storyboard; sourceTree = "<group>"; };
		C5672CD32133E32500FBE5E4 /* Assets.xcassets */ = {isa = PBXFileReference; lastKnownFileType = folder.assetcatalog; path = Assets.xcassets; sourceTree = "<group>"; };
		C5672CD62133E32500FBE5E4 /* Base */ = {isa = PBXFileReference; lastKnownFileType = file.storyboard; name = Base; path = Base.lproj/LaunchScreen.storyboard; sourceTree = "<group>"; };
		C5672CD82133E32500FBE5E4 /* Info.plist */ = {isa = PBXFileReference; lastKnownFileType = text.plist.xml; path = Info.plist; sourceTree = "<group>"; };
		C56D8EA221381FA000C5C568 /* DwifftViewController.swift */ = {isa = PBXFileReference; lastKnownFileType = sourcecode.swift; path = DwifftViewController.swift; sourceTree = "<group>"; };
		C56D8EA6213823C500C5C568 /* SeedGeneratable.swift */ = {isa = PBXFileReference; lastKnownFileType = sourcecode.swift; path = SeedGeneratable.swift; sourceTree = "<group>"; };
		C56D8EAB21383F6E00C5C568 /* EditDistanceViewController.swift */ = {isa = PBXFileReference; lastKnownFileType = sourcecode.swift; path = EditDistanceViewController.swift; sourceTree = "<group>"; };
		C56D8EAD213841E000C5C568 /* RxDataSourcesViewController.swift */ = {isa = PBXFileReference; lastKnownFileType = sourcecode.swift; path = RxDataSourcesViewController.swift; sourceTree = "<group>"; };
		C56D8EAF21384A2000C5C568 /* DifferenceKitViewController.swift */ = {isa = PBXFileReference; lastKnownFileType = sourcecode.swift; path = DifferenceKitViewController.swift; sourceTree = "<group>"; };
		C56D8EB221384B2300C5C568 /* UUID+IdentifiableType.swift */ = {isa = PBXFileReference; lastKnownFileType = sourcecode.swift; path = "UUID+IdentifiableType.swift"; sourceTree = "<group>"; };
		C56D8EB421384B4C00C5C568 /* UUID+Differentiable.swift */ = {isa = PBXFileReference; lastKnownFileType = sourcecode.swift; path = "UUID+Differentiable.swift"; sourceTree = "<group>"; };
		C597D9522133F8BD0023A464 /* RxDataSources.framework */ = {isa = PBXFileReference; lastKnownFileType = wrapper.framework; name = RxDataSources.framework; path = Carthage/Build/iOS/RxDataSources.framework; sourceTree = "<group>"; };
		C597D9532133F8BD0023A464 /* DifferenceKit.framework */ = {isa = PBXFileReference; lastKnownFileType = wrapper.framework; name = DifferenceKit.framework; path = Carthage/Build/iOS/DifferenceKit.framework; sourceTree = "<group>"; };
		C597D9542133F8BD0023A464 /* Dwifft.framework */ = {isa = PBXFileReference; lastKnownFileType = wrapper.framework; name = Dwifft.framework; path = Carthage/Build/iOS/Dwifft.framework; sourceTree = "<group>"; };
		C597D9552133F8BD0023A464 /* EditDistance.framework */ = {isa = PBXFileReference; lastKnownFileType = wrapper.framework; name = EditDistance.framework; path = Carthage/Build/iOS/EditDistance.framework; sourceTree = "<group>"; };
		C597D9562133F8BD0023A464 /* Differentiator.framework */ = {isa = PBXFileReference; lastKnownFileType = wrapper.framework; name = Differentiator.framework; path = Carthage/Build/iOS/Differentiator.framework; sourceTree = "<group>"; };
		C597D9572133F8BD0023A464 /* RxCocoa.framework */ = {isa = PBXFileReference; lastKnownFileType = wrapper.framework; name = RxCocoa.framework; path = Carthage/Build/iOS/RxCocoa.framework; sourceTree = "<group>"; };
		C597D9582133F8BE0023A464 /* RxSwift.framework */ = {isa = PBXFileReference; lastKnownFileType = wrapper.framework; name = RxSwift.framework; path = Carthage/Build/iOS/RxSwift.framework; sourceTree = "<group>"; };
/* End PBXFileReference section */

/* Begin PBXFrameworksBuildPhase section */
		C5672CC62133E32400FBE5E4 /* Frameworks */ = {
			isa = PBXFrameworksBuildPhase;
			buildActionMask = 2147483647;
			files = (
				C597D9592133F8BE0023A464 /* RxDataSources.framework in Frameworks */,
				C597D95A2133F8BE0023A464 /* DifferenceKit.framework in Frameworks */,
				C597D95B2133F8BE0023A464 /* Dwifft.framework in Frameworks */,
				C597D95C2133F8BE0023A464 /* EditDistance.framework in Frameworks */,
				C597D95D2133F8BE0023A464 /* Differentiator.framework in Frameworks */,
				C597D95E2133F8BE0023A464 /* RxCocoa.framework in Frameworks */,
				C597D95F2133F8BE0023A464 /* RxSwift.framework in Frameworks */,
			);
			runOnlyForDeploymentPostprocessing = 0;
		};
/* End PBXFrameworksBuildPhase section */

/* Begin PBXGroup section */
		C5672CC02133E32400FBE5E4 = {
			isa = PBXGroup;
			children = (
				C5672CCB2133E32400FBE5E4 /* iOSDC-2018-Sample */,
				C5672CCA2133E32400FBE5E4 /* Products */,
				C597D9512133F8BD0023A464 /* Frameworks */,
			);
			sourceTree = "<group>";
		};
		C5672CCA2133E32400FBE5E4 /* Products */ = {
			isa = PBXGroup;
			children = (
				C5672CC92133E32400FBE5E4 /* iOSDC-2018-Sample.app */,
			);
			name = Products;
			sourceTree = "<group>";
		};
		C5672CCB2133E32400FBE5E4 /* iOSDC-2018-Sample */ = {
			isa = PBXGroup;
			children = (
				C56D8EB121384AF500C5C568 /* Extensions */,
				C56D8EA5213823B600C5C568 /* Protocols */,
				C56D8EA4213820AB00C5C568 /* ViewControllers */,
				C5672CCC2133E32400FBE5E4 /* AppDelegate.swift */,
				C5672CD02133E32400FBE5E4 /* Main.storyboard */,
				C5672CD32133E32500FBE5E4 /* Assets.xcassets */,
				C5672CD52133E32500FBE5E4 /* LaunchScreen.storyboard */,
				C5672CD82133E32500FBE5E4 /* Info.plist */,
			);
			path = "iOSDC-2018-Sample";
			sourceTree = "<group>";
		};
		C56D8EA4213820AB00C5C568 /* ViewControllers */ = {
			isa = PBXGroup;
			children = (
				C5672CCE2133E32400FBE5E4 /* ViewController.swift */,
				C56D8EA221381FA000C5C568 /* DwifftViewController.swift */,
				C56D8EAB21383F6E00C5C568 /* EditDistanceViewController.swift */,
				C56D8EAD213841E000C5C568 /* RxDataSourcesViewController.swift */,
				C56D8EAF21384A2000C5C568 /* DifferenceKitViewController.swift */,
			);
			path = ViewControllers;
			sourceTree = "<group>";
		};
		C56D8EA5213823B600C5C568 /* Protocols */ = {
			isa = PBXGroup;
			children = (
				C56D8EA6213823C500C5C568 /* SeedGeneratable.swift */,
			);
			path = Protocols;
			sourceTree = "<group>";
		};
		C56D8EB121384AF500C5C568 /* Extensions */ = {
			isa = PBXGroup;
			children = (
				C56D8EB221384B2300C5C568 /* UUID+IdentifiableType.swift */,
				C56D8EB421384B4C00C5C568 /* UUID+Differentiable.swift */,
			);
			path = Extensions;
			sourceTree = "<group>";
		};
		C597D9512133F8BD0023A464 /* Frameworks */ = {
			isa = PBXGroup;
			children = (
				C597D9532133F8BD0023A464 /* DifferenceKit.framework */,
				C597D9562133F8BD0023A464 /* Differentiator.framework */,
				C597D9542133F8BD0023A464 /* Dwifft.framework */,
				C597D9552133F8BD0023A464 /* EditDistance.framework */,
				C597D9572133F8BD0023A464 /* RxCocoa.framework */,
				C597D9522133F8BD0023A464 /* RxDataSources.framework */,
				C597D9582133F8BE0023A464 /* RxSwift.framework */,
			);
			name = Frameworks;
			sourceTree = "<group>";
		};
/* End PBXGroup section */

/* Begin PBXNativeTarget section */
		C5672CC82133E32400FBE5E4 /* iOSDC-2018-Sample */ = {
			isa = PBXNativeTarget;
			buildConfigurationList = C5672CDB2133E32500FBE5E4 /* Build configuration list for PBXNativeTarget "iOSDC-2018-Sample" */;
			buildPhases = (
				C5672CC52133E32400FBE5E4 /* Sources */,
				C5672CC62133E32400FBE5E4 /* Frameworks */,
				C5672CC72133E32400FBE5E4 /* Resources */,
				C597D9502133F8900023A464 /* Carthage */,
			);
			buildRules = (
			);
			dependencies = (
			);
			name = "iOSDC-2018-Sample";
			productName = "iOSDC-2018-Sample";
			productReference = C5672CC92133E32400FBE5E4 /* iOSDC-2018-Sample.app */;
			productType = "com.apple.product-type.application";
		};
/* End PBXNativeTarget section */

/* Begin PBXProject section */
		C5672CC12133E32400FBE5E4 /* Project object */ = {
			isa = PBXProject;
			attributes = {
				LastSwiftUpdateCheck = 0940;
				LastUpgradeCheck = 0940;
				ORGANIZATIONNAME = "Fumito Ito";
				TargetAttributes = {
					C5672CC82133E32400FBE5E4 = {
						CreatedOnToolsVersion = 9.4.1;
					};
				};
			};
			buildConfigurationList = C5672CC42133E32400FBE5E4 /* Build configuration list for PBXProject "iOSDC-2018-Sample" */;
			compatibilityVersion = "Xcode 9.3";
			developmentRegion = en;
			hasScannedForEncodings = 0;
			knownRegions = (
				en,
				Base,
			);
			mainGroup = C5672CC02133E32400FBE5E4;
			productRefGroup = C5672CCA2133E32400FBE5E4 /* Products */;
			projectDirPath = "";
			projectRoot = "";
			targets = (
				C5672CC82133E32400FBE5E4 /* iOSDC-2018-Sample */,
			);
		};
/* End PBXProject section */

/* Begin PBXResourcesBuildPhase section */
		C5672CC72133E32400FBE5E4 /* Resources */ = {
			isa = PBXResourcesBuildPhase;
			buildActionMask = 2147483647;
			files = (
				C5672CD72133E32500FBE5E4 /* LaunchScreen.storyboard in Resources */,
				C5672CD42133E32500FBE5E4 /* Assets.xcassets in Resources */,
				C5672CD22133E32400FBE5E4 /* Main.storyboard in Resources */,
			);
			runOnlyForDeploymentPostprocessing = 0;
		};
/* End PBXResourcesBuildPhase section */

/* Begin PBXShellScriptBuildPhase section */
		C597D9502133F8900023A464 /* Carthage */ = {
			isa = PBXShellScriptBuildPhase;
			buildActionMask = 2147483647;
			files = (
			);
			inputPaths = (
				"$(SRCROOT)/Carthage/Build/iOS/RxDataSources.framework",
				"$(SRCROOT)/Carthage/Build/iOS/DifferenceKit.framework",
				"$(SRCROOT)/Carthage/Build/iOS/Dwifft.framework",
				"$(SRCROOT)/Carthage/Build/iOS/EditDistance.framework",
				"$(SRCROOT)/Carthage/Build/iOS/Differentiator.framework",
				"$(SRCROOT)/Carthage/Build/iOS/RxCocoa.framework",
				"$(SRCROOT)/Carthage/Build/iOS/RxSwift.framework",
			);
			name = Carthage;
			outputPaths = (
			);
			runOnlyForDeploymentPostprocessing = 0;
			shellPath = /bin/sh;
			shellScript = "/usr/local/bin/carthage copy-frameworks";
		};
/* End PBXShellScriptBuildPhase section */

/* Begin PBXSourcesBuildPhase section */
		C5672CC52133E32400FBE5E4 /* Sources */ = {
			isa = PBXSourcesBuildPhase;
			buildActionMask = 2147483647;
			files = (
				C56D8EA321381FA000C5C568 /* DwifftViewController.swift in Sources */,
				C5672CCF2133E32400FBE5E4 /* ViewController.swift in Sources */,
				C56D8EB521384B4C00C5C568 /* UUID+Differentiable.swift in Sources */,
				C56D8EB321384B2300C5C568 /* UUID+IdentifiableType.swift in Sources */,
				C56D8EAC21383F6E00C5C568 /* EditDistanceViewController.swift in Sources */,
				C56D8EB021384A2000C5C568 /* DifferenceKitViewController.swift in Sources */,
				C5672CCD2133E32400FBE5E4 /* AppDelegate.swift in Sources */,
				C56D8EA7213823C500C5C568 /* SeedGeneratable.swift in Sources */,
				C56D8EAE213841E000C5C568 /* RxDataSourcesViewController.swift in Sources */,
			);
			runOnlyForDeploymentPostprocessing = 0;
		};
/* End PBXSourcesBuildPhase section */

/* Begin PBXVariantGroup section */
		C5672CD02133E32400FBE5E4 /* Main.storyboard */ = {
			isa = PBXVariantGroup;
			children = (
				C5672CD12133E32400FBE5E4 /* Base */,
			);
			name = Main.storyboard;
			sourceTree = "<group>";
		};
		C5672CD52133E32500FBE5E4 /* LaunchScreen.storyboard */ = {
			isa = PBXVariantGroup;
			children = (
				C5672CD62133E32500FBE5E4 /* Base */,
			);
			name = LaunchScreen.storyboard;
			sourceTree = "<group>";
		};
/* End PBXVariantGroup section */

/* Begin XCBuildConfiguration section */
		C5672CD92133E32500FBE5E4 /* Debug */ = {
			isa = XCBuildConfiguration;
			buildSettings = {
				ALWAYS_SEARCH_USER_PATHS = NO;
				CLANG_ANALYZER_NONNULL = YES;
				CLANG_ANALYZER_NUMBER_OBJECT_CONVERSION = YES_AGGRESSIVE;
				CLANG_CXX_LANGUAGE_STANDARD = "gnu++14";
				CLANG_CXX_LIBRARY = "libc++";
				CLANG_ENABLE_MODULES = YES;
				CLANG_ENABLE_OBJC_ARC = YES;
				CLANG_ENABLE_OBJC_WEAK = YES;
				CLANG_WARN_BLOCK_CAPTURE_AUTORELEASING = YES;
				CLANG_WARN_BOOL_CONVERSION = YES;
				CLANG_WARN_COMMA = YES;
				CLANG_WARN_CONSTANT_CONVERSION = YES;
				CLANG_WARN_DEPRECATED_OBJC_IMPLEMENTATIONS = YES;
				CLANG_WARN_DIRECT_OBJC_ISA_USAGE = YES_ERROR;
				CLANG_WARN_DOCUMENTATION_COMMENTS = YES;
				CLANG_WARN_EMPTY_BODY = YES;
				CLANG_WARN_ENUM_CONVERSION = YES;
				CLANG_WARN_INFINITE_RECURSION = YES;
				CLANG_WARN_INT_CONVERSION = YES;
				CLANG_WARN_NON_LITERAL_NULL_CONVERSION = YES;
				CLANG_WARN_OBJC_IMPLICIT_RETAIN_SELF = YES;
				CLANG_WARN_OBJC_LITERAL_CONVERSION = YES;
				CLANG_WARN_OBJC_ROOT_CLASS = YES_ERROR;
				CLANG_WARN_RANGE_LOOP_ANALYSIS = YES;
				CLANG_WARN_STRICT_PROTOTYPES = YES;
				CLANG_WARN_SUSPICIOUS_MOVE = YES;
				CLANG_WARN_UNGUARDED_AVAILABILITY = YES_AGGRESSIVE;
				CLANG_WARN_UNREACHABLE_CODE = YES;
				CLANG_WARN__DUPLICATE_METHOD_MATCH = YES;
				CODE_SIGN_IDENTITY = "iPhone Developer";
				COPY_PHASE_STRIP = NO;
				DEBUG_INFORMATION_FORMAT = dwarf;
				ENABLE_STRICT_OBJC_MSGSEND = YES;
				ENABLE_TESTABILITY = YES;
				GCC_C_LANGUAGE_STANDARD = gnu11;
				GCC_DYNAMIC_NO_PIC = NO;
				GCC_NO_COMMON_BLOCKS = YES;
				GCC_OPTIMIZATION_LEVEL = 0;
				GCC_PREPROCESSOR_DEFINITIONS = (
					"DEBUG=1",
					"$(inherited)",
				);
				GCC_WARN_64_TO_32_BIT_CONVERSION = YES;
				GCC_WARN_ABOUT_RETURN_TYPE = YES_ERROR;
				GCC_WARN_UNDECLARED_SELECTOR = YES;
				GCC_WARN_UNINITIALIZED_AUTOS = YES_AGGRESSIVE;
				GCC_WARN_UNUSED_FUNCTION = YES;
				GCC_WARN_UNUSED_VARIABLE = YES;
				IPHONEOS_DEPLOYMENT_TARGET = 11.4;
				MTL_ENABLE_DEBUG_INFO = YES;
				ONLY_ACTIVE_ARCH = YES;
				SDKROOT = iphoneos;
				SWIFT_ACTIVE_COMPILATION_CONDITIONS = DEBUG;
				SWIFT_OPTIMIZATION_LEVEL = "-Onone";
			};
			name = Debug;
		};
		C5672CDA2133E32500FBE5E4 /* Release */ = {
			isa = XCBuildConfiguration;
			buildSettings = {
				ALWAYS_SEARCH_USER_PATHS = NO;
				CLANG_ANALYZER_NONNULL = YES;
				CLANG_ANALYZER_NUMBER_OBJECT_CONVERSION = YES_AGGRESSIVE;
				CLANG_CXX_LANGUAGE_STANDARD = "gnu++14";
				CLANG_CXX_LIBRARY = "libc++";
				CLANG_ENABLE_MODULES = YES;
				CLANG_ENABLE_OBJC_ARC = YES;
				CLANG_ENABLE_OBJC_WEAK = YES;
				CLANG_WARN_BLOCK_CAPTURE_AUTORELEASING = YES;
				CLANG_WARN_BOOL_CONVERSION = YES;
				CLANG_WARN_COMMA = YES;
				CLANG_WARN_CONSTANT_CONVERSION = YES;
				CLANG_WARN_DEPRECATED_OBJC_IMPLEMENTATIONS = YES;
				CLANG_WARN_DIRECT_OBJC_ISA_USAGE = YES_ERROR;
				CLANG_WARN_DOCUMENTATION_COMMENTS = YES;
				CLANG_WARN_EMPTY_BODY = YES;
				CLANG_WARN_ENUM_CONVERSION = YES;
				CLANG_WARN_INFINITE_RECURSION = YES;
				CLANG_WARN_INT_CONVERSION = YES;
				CLANG_WARN_NON_LITERAL_NULL_CONVERSION = YES;
				CLANG_WARN_OBJC_IMPLICIT_RETAIN_SELF = YES;
				CLANG_WARN_OBJC_LITERAL_CONVERSION = YES;
				CLANG_WARN_OBJC_ROOT_CLASS = YES_ERROR;
				CLANG_WARN_RANGE_LOOP_ANALYSIS = YES;
				CLANG_WARN_STRICT_PROTOTYPES = YES;
				CLANG_WARN_SUSPICIOUS_MOVE = YES;
				CLANG_WARN_UNGUARDED_AVAILABILITY = YES_AGGRESSIVE;
				CLANG_WARN_UNREACHABLE_CODE = YES;
				CLANG_WARN__DUPLICATE_METHOD_MATCH = YES;
				CODE_SIGN_IDENTITY = "iPhone Developer";
				COPY_PHASE_STRIP = NO;
				DEBUG_INFORMATION_FORMAT = "dwarf-with-dsym";
				ENABLE_NS_ASSERTIONS = NO;
				ENABLE_STRICT_OBJC_MSGSEND = YES;
				GCC_C_LANGUAGE_STANDARD = gnu11;
				GCC_NO_COMMON_BLOCKS = YES;
				GCC_WARN_64_TO_32_BIT_CONVERSION = YES;
				GCC_WARN_ABOUT_RETURN_TYPE = YES_ERROR;
				GCC_WARN_UNDECLARED_SELECTOR = YES;
				GCC_WARN_UNINITIALIZED_AUTOS = YES_AGGRESSIVE;
				GCC_WARN_UNUSED_FUNCTION = YES;
				GCC_WARN_UNUSED_VARIABLE = YES;
				IPHONEOS_DEPLOYMENT_TARGET = 11.4;
				MTL_ENABLE_DEBUG_INFO = NO;
				SDKROOT = iphoneos;
				SWIFT_COMPILATION_MODE = wholemodule;
				SWIFT_OPTIMIZATION_LEVEL = "-O";
				VALIDATE_PRODUCT = YES;
			};
			name = Release;
		};
		C5672CDC2133E32500FBE5E4 /* Debug */ = {
			isa = XCBuildConfiguration;
			buildSettings = {
				ASSETCATALOG_COMPILER_APPICON_NAME = AppIcon;
				CODE_SIGN_STYLE = Automatic;
				DEVELOPMENT_TEAM = K489QY5CFD;
				FRAMEWORK_SEARCH_PATHS = (
					"$(inherited)",
					"$(PROJECT_DIR)/Carthage/Build/iOS",
				);
				INFOPLIST_FILE = "iOSDC-2018-Sample/Info.plist";
				LD_RUNPATH_SEARCH_PATHS = (
					"$(inherited)",
					"@executable_path/Frameworks",
				);
				PRODUCT_BUNDLE_IDENTIFIER = "com.github.fumitoito.iOSDC-2018-Sample";
				PRODUCT_NAME = "$(TARGET_NAME)";
				SWIFT_VERSION = 4.0;
				TARGETED_DEVICE_FAMILY = "1,2";
			};
			name = Debug;
		};
		C5672CDD2133E32500FBE5E4 /* Release */ = {
			isa = XCBuildConfiguration;
			buildSettings = {
				ASSETCATALOG_COMPILER_APPICON_NAME = AppIcon;
				CODE_SIGN_STYLE = Automatic;
				DEVELOPMENT_TEAM = K489QY5CFD;
				FRAMEWORK_SEARCH_PATHS = (
					"$(inherited)",
					"$(PROJECT_DIR)/Carthage/Build/iOS",
				);
				INFOPLIST_FILE = "iOSDC-2018-Sample/Info.plist";
				LD_RUNPATH_SEARCH_PATHS = (
					"$(inherited)",
					"@executable_path/Frameworks",
				);
				PRODUCT_BUNDLE_IDENTIFIER = "com.github.fumitoito.iOSDC-2018-Sample";
				PRODUCT_NAME = "$(TARGET_NAME)";
				SWIFT_VERSION = 4.0;
				TARGETED_DEVICE_FAMILY = "1,2";
			};
			name = Release;
		};
/* End XCBuildConfiguration section */

/* Begin XCConfigurationList section */
		C5672CC42133E32400FBE5E4 /* Build configuration list for PBXProject "iOSDC-2018-Sample" */ = {
			isa = XCConfigurationList;
			buildConfigurations = (
				C5672CD92133E32500FBE5E4 /* Debug */,
				C5672CDA2133E32500FBE5E4 /* Release */,
			);
			defaultConfigurationIsVisible = 0;
			defaultConfigurationName = Release;
		};
		C5672CDB2133E32500FBE5E4 /* Build configuration list for PBXNativeTarget "iOSDC-2018-Sample" */ = {
			isa = XCConfigurationList;
			buildConfigurations = (
				C5672CDC2133E32500FBE5E4 /* Debug */,
				C5672CDD2133E32500FBE5E4 /* Release */,
			);
			defaultConfigurationIsVisible = 0;
			defaultConfigurationName = Release;
		};
/* End XCConfigurationList section */
	};
	rootObject = C5672CC12133E32400FBE5E4 /* Project object */;
}
